
Microsoft Visual Studio Solution File, Format Version 12.00
# Visual Studio Version 16
VisualStudioVersion = 16.0.28803.352
MinimumVisualStudioVersion = 10.0.40219.1
Project("{FAE04EC0-301F-11D3-BF4B-00C04F79EFBC}") = "UsuarioNetCore", "UsuarioNetCore\UsuarioNetCore.csproj", "{44A5DA82-907D-49C6-BD3B-A34F35D07E1F}"
EndProject
Global
	GlobalSection(SolutionConfigurationPlatforms) = preSolution
		Debug|Any CPU = Debug|Any CPU
		Release|Any CPU = Release|Any CPU
	EndGlobalSection
	GlobalSection(ProjectConfigurationPlatforms) = postSolution
		{44A5DA82-907D-49C6-BD3B-A34F35D07E1F}.Debug|Any CPU.ActiveCfg = Debug|Any CPU
		{44A5DA82-907D-49C6-BD3B-A34F35D07E1F}.Debug|Any CPU.Build.0 = Debug|Any CPU
		{44A5DA82-907D-49C6-BD3B-A34F35D07E1F}.Release|Any CPU.ActiveCfg = Release|Any CPU
		{44A5DA82-907D-49C6-BD3B-A34F35D07E1F}.Release|Any CPU.Build.0 = Release|Any CPU
	EndGlobalSection
	GlobalSection(SolutionProperties) = preSolution
		HideSolutionNode = FALSE
	EndGlobalSection
	GlobalSection(ExtensibilityGlobals) = postSolution
		SolutionGuid = {FA6CC4A5-D621-40B4-A4A8-CFD89374699E}
	EndGlobalSection
EndGlobal
